{
    "version": 3,
    "terraform_version": "0.11.9",
    "serial": 1,
    "lineage": "c22bcf33-d579-a2c0-f9df-3c40a0607aa7",
    "modules": [
        {
            "path": [
                "root"
            ],
            "outputs": {
                "alb_dns_name": {
                    "sensitive": false,
                    "type": "string",
                    "value": "production-alb-prometheus-1353311291.us-east-1.elb.amazonaws.com"
                }
            },
            "resources": {
                "aws_route53_delegation_set.main": {
                    "type": "aws_route53_delegation_set",
                    "depends_on": [],
                    "primary": {
                        "id": "N38YEKBM315NED",
                        "attributes": {
                            "id": "N38YEKBM315NED",
                            "name_servers.#": "4",
                            "name_servers.0": "ns-1163.awsdns-17.org",
                            "name_servers.1": "ns-1968.awsdns-54.co.uk",
                            "name_servers.2": "ns-246.awsdns-30.com",
                            "name_servers.3": "ns-604.awsdns-11.net",
                            "reference_name": "DynDNS"
                        },
                        "meta": {},
                        "tainted": false
                    },
                    "deposed": [],
                    "provider": "provider.aws"
                },
                "aws_route53_record.www-prod": {
                    "type": "aws_route53_record",
                    "depends_on": [
                        "aws_route53_zone.primary_route",
                        "module.ecs"
                    ],
                    "primary": {
                        "id": "ZOL1IOZPIQMW1_www.monitor.herodigital.agency_A",
                        "attributes": {
                            "alias.#": "1",
                            "alias.234485509.evaluate_target_health": "true",
                            "alias.234485509.name": "production-alb-prometheus-1353311291.us-east-1.elb.amazonaws.com",
                            "alias.234485509.zone_id": "Z35SXDOTRQ7X7K",
                            "allow_overwrite": "true",
                            "fqdn": "www.monitor.herodigital.agency",
                            "id": "ZOL1IOZPIQMW1_www.monitor.herodigital.agency_A",
                            "name": "www.monitor.herodigital.agency",
                            "type": "A",
                            "zone_id": "ZOL1IOZPIQMW1"
                        },
                        "meta": {
                            "schema_version": "2"
                        },
                        "tainted": false
                    },
                    "deposed": [],
                    "provider": "provider.aws"
                },
                "aws_route53_zone.primary_route": {
                    "type": "aws_route53_zone",
                    "depends_on": [
                        "aws_route53_delegation_set.main"
                    ],
                    "primary": {
                        "id": "ZOL1IOZPIQMW1",
                        "attributes": {
                            "comment": "Managed by Terraform",
                            "delegation_set_id": "N38YEKBM315NED",
                            "force_destroy": "false",
                            "id": "ZOL1IOZPIQMW1",
                            "name": "monitor.herodigital.agency.",
                            "name_servers.#": "4",
                            "name_servers.0": "ns-1163.awsdns-17.org",
                            "name_servers.1": "ns-1968.awsdns-54.co.uk",
                            "name_servers.2": "ns-246.awsdns-30.com",
                            "name_servers.3": "ns-604.awsdns-11.net",
                            "tags.%": "0",
                            "vpc.#": "0",
                            "vpc_id": "",
                            "vpc_region": "",
                            "zone_id": "ZOL1IOZPIQMW1"
                        },
                        "meta": {},
                        "tainted": false
                    },
                    "deposed": [],
                    "provider": "provider.aws"
                }
            },
            "depends_on": []
        },
        {
            "path": [
                "root",
                "code_pipeline"
            ],
            "outputs": {},
            "resources": {
                "aws_s3_bucket.source": {
                    "type": "aws_s3_bucket",
                    "depends_on": [],
                    "primary": {
                        "id": "prometheus-experiment-source",
                        "attributes": {
                            "acceleration_status": "",
                            "acl": "private",
                            "arn": "arn:aws:s3:::prometheus-experiment-source",
                            "bucket": "prometheus-experiment-source",
                            "bucket_domain_name": "prometheus-experiment-source.s3.amazonaws.com",
                            "bucket_regional_domain_name": "prometheus-experiment-source.s3.amazonaws.com",
                            "cors_rule.#": "0",
                            "force_destroy": "true",
                            "hosted_zone_id": "Z3AQBSTGFYJSTF",
                            "id": "prometheus-experiment-source",
                            "lifecycle_rule.#": "0",
                            "logging.#": "0",
                            "region": "us-east-1",
                            "replication_configuration.#": "0",
                            "request_payer": "BucketOwner",
                            "server_side_encryption_configuration.#": "0",
                            "tags.%": "0",
                            "versioning.#": "1",
                            "versioning.0.enabled": "false",
                            "versioning.0.mfa_delete": "false",
                            "website.#": "0"
                        },
                        "meta": {},
                        "tainted": false
                    },
                    "deposed": [],
                    "provider": "provider.aws"
                },
                "data.template_file.buildspec": {
                    "type": "template_file",
                    "depends_on": [],
                    "primary": {
                        "id": "e734a6ee145f4cdd3efccc3d8d4287f737ba9a52e4ee071af7805b62c2d5f27a",
                        "attributes": {
                            "id": "e734a6ee145f4cdd3efccc3d8d4287f737ba9a52e4ee071af7805b62c2d5f27a",
                            "rendered": "version: 0.2\r\n\r\nphases:\r\n  pre_build:\r\n    commands:\r\n      - pip install awscli --upgrade --user\r\n      - echo `aws --version`\r\n      - echo Logging in to Amazon ECR...\r\n      - $(aws ecr get-login --region us-east-1 --no-include-email)\r\n      - REPOSITORY_URI=680090242614.dkr.ecr.us-east-1.amazonaws.com/prometheus/production\r\n      - IMAGE_TAG=$(echo $CODEBUILD_RESOLVED_SOURCE_VERSION | cut -c 1-7)\r\n      - echo Entered the pre_build phase...\r\n  build:\r\n    commands:\r\n      - echo Build started on `date`\r\n      - echo Building the Docker image...\r\n      - docker build --build-arg build_without=\"development test\" --build-arg rails_env=\"production\" -t $REPOSITORY_URI:latest .\r\n      - docker tag $REPOSITORY_URI:latest $REPOSITORY_URI:$IMAGE_TAG\r\n  post_build:\r\n    commands:\r\n      - echo Build completed on `date`\r\n      - echo Pushing the Docker images...\r\n      - docker push $REPOSITORY_URI:latest\r\n      - docker push $REPOSITORY_URI:$IMAGE_TAG\r\n      - echo Writing image definitions file...\r\n      - printf '[{\"name\":\"web\",\"imageUri\":\"%s\"}]' $REPOSITORY_URI:$IMAGE_TAG \u003e imagedefinitions.json\r\n      - echo upgrading db-migrate task definitions\r\n      - aws ecs run-task --launch-type FARGATE --cluster production-ecs-cluster --task-definition production_db_migrate --network-configuration \"awsvpcConfiguration={subnets=[subnet-04efa4a6309001774],securityGroups=[sg-0dc02958b6689b53b,sg-0cbbd38160f0ef788,sg-059ed70674c0b721d]}\"\r\nartifacts:\r\n  files: imagedefinitions.json\r\n",
                            "template": "version: 0.2\r\n\r\nphases:\r\n  pre_build:\r\n    commands:\r\n      - pip install awscli --upgrade --user\r\n      - echo `aws --version`\r\n      - echo Logging in to Amazon ECR...\r\n      - $(aws ecr get-login --region ${region} --no-include-email)\r\n      - REPOSITORY_URI=${repository_url}\r\n      - IMAGE_TAG=$(echo $CODEBUILD_RESOLVED_SOURCE_VERSION | cut -c 1-7)\r\n      - echo Entered the pre_build phase...\r\n  build:\r\n    commands:\r\n      - echo Build started on `date`\r\n      - echo Building the Docker image...\r\n      - docker build --build-arg build_without=\"development test\" --build-arg rails_env=\"production\" -t $REPOSITORY_URI:latest .\r\n      - docker tag $REPOSITORY_URI:latest $REPOSITORY_URI:$IMAGE_TAG\r\n  post_build:\r\n    commands:\r\n      - echo Build completed on `date`\r\n      - echo Pushing the Docker images...\r\n      - docker push $REPOSITORY_URI:latest\r\n      - docker push $REPOSITORY_URI:$IMAGE_TAG\r\n      - echo Writing image definitions file...\r\n      - printf '[{\"name\":\"web\",\"imageUri\":\"%s\"}]' $REPOSITORY_URI:$IMAGE_TAG \u003e imagedefinitions.json\r\n      - echo upgrading db-migrate task definitions\r\n      - aws ecs run-task --launch-type FARGATE --cluster ${cluster_name} --task-definition production_db_migrate --network-configuration \"awsvpcConfiguration={subnets=[${subnet_id}],securityGroups=[${security_group_ids}]}\"\r\nartifacts:\r\n  files: imagedefinitions.json\r\n",
                            "vars.%": "5",
                            "vars.cluster_name": "production-ecs-cluster",
                            "vars.region": "us-east-1",
                            "vars.repository_url": "680090242614.dkr.ecr.us-east-1.amazonaws.com/prometheus/production",
                            "vars.security_group_ids": "sg-0dc02958b6689b53b,sg-0cbbd38160f0ef788,sg-059ed70674c0b721d",
                            "vars.subnet_id": "subnet-04efa4a6309001774"
                        },
                        "meta": {},
                        "tainted": false
                    },
                    "deposed": [],
                    "provider": "provider.template"
                },
                "data.template_file.codebuild_policy": {
                    "type": "template_file",
                    "depends_on": [
                        "aws_s3_bucket.source"
                    ],
                    "primary": {
                        "id": "3929802be108f551cb7fa898ed8bace4a03b61ae7a66d2a07b031ee1a9c91b4d",
                        "attributes": {
                            "id": "3929802be108f551cb7fa898ed8bace4a03b61ae7a66d2a07b031ee1a9c91b4d",
                            "rendered": "{\r\n  \"Version\": \"2012-10-17\",\r\n  \"Statement\": [\r\n    {\r\n      \"Effect\": \"Allow\",\r\n      \"Resource\": [\r\n        \"*\"\r\n      ],\r\n      \"Action\": [\r\n        \"logs:CreateLogGroup\",\r\n        \"logs:CreateLogStream\",\r\n        \"logs:PutLogEvents\",\r\n        \"ecr:GetAuthorizationToken\",\r\n        \"ecr:InitiateLayerUpload\",\r\n        \"ecr:UploadLayerPart\",\r\n        \"ecr:CompleteLayerUpload\",\r\n        \"ecr:BatchCheckLayerAvailability\",\r\n        \"ecr:PutImage\",\r\n        \"ecs:RunTask\",\r\n        \"iam:PassRole\"\r\n      ]\r\n    },\r\n    {\r\n      \"Effect\":\"Allow\",\r\n      \"Action\": [\r\n        \"s3:GetObject\",\r\n        \"s3:GetObjectVersion\",\r\n        \"s3:GetBucketVersioning\",\r\n        \"s3:List*\",\r\n        \"s3:PutObject\"\r\n      ],\r\n      \"Resource\": [\r\n        \"arn:aws:s3:::prometheus-experiment-source\",\r\n        \"arn:aws:s3:::prometheus-experiment-source/*\"\r\n      ]\r\n    }\r\n  ]\r\n}\r\n",
                            "template": "{\r\n  \"Version\": \"2012-10-17\",\r\n  \"Statement\": [\r\n    {\r\n      \"Effect\": \"Allow\",\r\n      \"Resource\": [\r\n        \"*\"\r\n      ],\r\n      \"Action\": [\r\n        \"logs:CreateLogGroup\",\r\n        \"logs:CreateLogStream\",\r\n        \"logs:PutLogEvents\",\r\n        \"ecr:GetAuthorizationToken\",\r\n        \"ecr:InitiateLayerUpload\",\r\n        \"ecr:UploadLayerPart\",\r\n        \"ecr:CompleteLayerUpload\",\r\n        \"ecr:BatchCheckLayerAvailability\",\r\n        \"ecr:PutImage\",\r\n        \"ecs:RunTask\",\r\n        \"iam:PassRole\"\r\n      ]\r\n    },\r\n    {\r\n      \"Effect\":\"Allow\",\r\n      \"Action\": [\r\n        \"s3:GetObject\",\r\n        \"s3:GetObjectVersion\",\r\n        \"s3:GetBucketVersioning\",\r\n        \"s3:List*\",\r\n        \"s3:PutObject\"\r\n      ],\r\n      \"Resource\": [\r\n        \"${aws_s3_bucket_arn}\",\r\n        \"${aws_s3_bucket_arn}/*\"\r\n      ]\r\n    }\r\n  ]\r\n}\r\n",
                            "vars.%": "1",
                            "vars.aws_s3_bucket_arn": "arn:aws:s3:::prometheus-experiment-source"
                        },
                        "meta": {},
                        "tainted": false
                    },
                    "deposed": [],
                    "provider": "provider.template"
                },
                "data.template_file.codepipeline_policy": {
                    "type": "template_file",
                    "depends_on": [
                        "aws_s3_bucket.source"
                    ],
                    "primary": {
                        "id": "abeb4b6d23e32f1893f7017aea196a4b43e9141609dbe17042dad48ebd65f51d",
                        "attributes": {
                            "id": "abeb4b6d23e32f1893f7017aea196a4b43e9141609dbe17042dad48ebd65f51d",
                            "rendered": "{\r\n  \"Version\": \"2012-10-17\",\r\n  \"Statement\": [\r\n    {\r\n      \"Effect\":\"Allow\",\r\n      \"Action\": [\r\n        \"s3:GetObject\",\r\n        \"s3:GetObjectVersion\",\r\n        \"s3:GetBucketVersioning\",\r\n        \"s3:List*\",\r\n        \"s3:PutObject\"\r\n      ],\r\n      \"Resource\": [\r\n        \"arn:aws:s3:::prometheus-experiment-source\",\r\n        \"arn:aws:s3:::prometheus-experiment-source/*\"\r\n      ]\r\n    },\r\n    {\r\n      \"Effect\": \"Allow\",\r\n      \"Action\": [\r\n        \"codebuild:BatchGetBuilds\",\r\n        \"codebuild:StartBuild\"\r\n      ],\r\n      \"Resource\": \"*\"\r\n    },\r\n    {\r\n      \"Action\": [\r\n        \"ecs:*\",\r\n        \"events:DescribeRule\",\r\n        \"events:DeleteRule\",\r\n        \"events:ListRuleNamesByTarget\",\r\n        \"events:ListTargetsByRule\",\r\n        \"events:PutRule\",\r\n        \"events:PutTargets\",\r\n        \"events:RemoveTargets\",\r\n        \"iam:ListAttachedRolePolicies\",\r\n        \"iam:ListInstanceProfiles\",\r\n        \"iam:ListRoles\",\r\n        \"logs:CreateLogGroup\",\r\n        \"logs:DescribeLogGroups\",\r\n        \"logs:FilterLogEvents\"\r\n      ],\r\n      \"Resource\": \"*\",\r\n      \"Effect\": \"Allow\"\r\n    },\r\n    {\r\n      \"Action\": \"iam:PassRole\",\r\n      \"Effect\": \"Allow\",\r\n      \"Resource\": [\r\n        \"*\"\r\n      ],\r\n      \"Condition\": {\r\n        \"StringLike\": {\r\n          \"iam:PassedToService\": \"ecs-tasks.amazonaws.com\"\r\n        }\r\n      }\r\n    },\r\n    {\r\n      \"Action\": \"iam:PassRole\",\r\n      \"Effect\": \"Allow\",\r\n      \"Resource\": [\r\n        \"arn:aws:iam::*:role/ecsInstanceRole*\"\r\n      ],\r\n      \"Condition\": {\r\n        \"StringLike\": {\r\n          \"iam:PassedToService\": [\r\n            \"ec2.amazonaws.com\",\r\n            \"ec2.amazonaws.com.cn\"\r\n          ]\r\n        }\r\n      }\r\n    },\r\n    {\r\n      \"Action\": \"iam:PassRole\",\r\n      \"Effect\": \"Allow\",\r\n      \"Resource\": [\r\n        \"arn:aws:iam::*:role/ecsAutoscaleRole*\"\r\n      ],\r\n      \"Condition\": {\r\n        \"StringLike\": {\r\n          \"iam:PassedToService\": [\r\n            \"application-autoscaling.amazonaws.com\",\r\n            \"application-autoscaling.amazonaws.com.cn\"\r\n          ]\r\n        }\r\n      }\r\n    },\r\n    {\r\n      \"Effect\": \"Allow\",\r\n      \"Action\": \"iam:CreateServiceLinkedRole\",\r\n      \"Resource\": \"*\",\r\n      \"Condition\": {\r\n        \"StringLike\": {\r\n          \"iam:AWSServiceName\": [\r\n            \"ecs.amazonaws.com\",\r\n            \"spot.amazonaws.com\",\r\n            \"spotfleet.amazonaws.com\"\r\n          ]\r\n        }\r\n      }\r\n    }\r\n  ]\r\n}\r\n",
                            "template": "{\r\n  \"Version\": \"2012-10-17\",\r\n  \"Statement\": [\r\n    {\r\n      \"Effect\":\"Allow\",\r\n      \"Action\": [\r\n        \"s3:GetObject\",\r\n        \"s3:GetObjectVersion\",\r\n        \"s3:GetBucketVersioning\",\r\n        \"s3:List*\",\r\n        \"s3:PutObject\"\r\n      ],\r\n      \"Resource\": [\r\n        \"${aws_s3_bucket_arn}\",\r\n        \"${aws_s3_bucket_arn}/*\"\r\n      ]\r\n    },\r\n    {\r\n      \"Effect\": \"Allow\",\r\n      \"Action\": [\r\n        \"codebuild:BatchGetBuilds\",\r\n        \"codebuild:StartBuild\"\r\n      ],\r\n      \"Resource\": \"*\"\r\n    },\r\n    {\r\n      \"Action\": [\r\n        \"ecs:*\",\r\n        \"events:DescribeRule\",\r\n        \"events:DeleteRule\",\r\n        \"events:ListRuleNamesByTarget\",\r\n        \"events:ListTargetsByRule\",\r\n        \"events:PutRule\",\r\n        \"events:PutTargets\",\r\n        \"events:RemoveTargets\",\r\n        \"iam:ListAttachedRolePolicies\",\r\n        \"iam:ListInstanceProfiles\",\r\n        \"iam:ListRoles\",\r\n        \"logs:CreateLogGroup\",\r\n        \"logs:DescribeLogGroups\",\r\n        \"logs:FilterLogEvents\"\r\n      ],\r\n      \"Resource\": \"*\",\r\n      \"Effect\": \"Allow\"\r\n    },\r\n    {\r\n      \"Action\": \"iam:PassRole\",\r\n      \"Effect\": \"Allow\",\r\n      \"Resource\": [\r\n        \"*\"\r\n      ],\r\n      \"Condition\": {\r\n        \"StringLike\": {\r\n          \"iam:PassedToService\": \"ecs-tasks.amazonaws.com\"\r\n        }\r\n      }\r\n    },\r\n    {\r\n      \"Action\": \"iam:PassRole\",\r\n      \"Effect\": \"Allow\",\r\n      \"Resource\": [\r\n        \"arn:aws:iam::*:role/ecsInstanceRole*\"\r\n      ],\r\n      \"Condition\": {\r\n        \"StringLike\": {\r\n          \"iam:PassedToService\": [\r\n            \"ec2.amazonaws.com\",\r\n            \"ec2.amazonaws.com.cn\"\r\n          ]\r\n        }\r\n      }\r\n    },\r\n    {\r\n      \"Action\": \"iam:PassRole\",\r\n      \"Effect\": \"Allow\",\r\n      \"Resource\": [\r\n        \"arn:aws:iam::*:role/ecsAutoscaleRole*\"\r\n      ],\r\n      \"Condition\": {\r\n        \"StringLike\": {\r\n          \"iam:PassedToService\": [\r\n            \"application-autoscaling.amazonaws.com\",\r\n            \"application-autoscaling.amazonaws.com.cn\"\r\n          ]\r\n        }\r\n      }\r\n    },\r\n    {\r\n      \"Effect\": \"Allow\",\r\n      \"Action\": \"iam:CreateServiceLinkedRole\",\r\n      \"Resource\": \"*\",\r\n      \"Condition\": {\r\n        \"StringLike\": {\r\n          \"iam:AWSServiceName\": [\r\n            \"ecs.amazonaws.com\",\r\n            \"spot.amazonaws.com\",\r\n            \"spotfleet.amazonaws.com\"\r\n          ]\r\n        }\r\n      }\r\n    }\r\n  ]\r\n}\r\n",
                            "vars.%": "1",
                            "vars.aws_s3_bucket_arn": "arn:aws:s3:::prometheus-experiment-source"
                        },
                        "meta": {},
                        "tainted": false
                    },
                    "deposed": [],
                    "provider": "provider.template"
                }
            },
            "depends_on": []
        },
        {
            "path": [
                "root",
                "ecs"
            ],
            "outputs": {
                "alb_dns_name": {
                    "sensitive": false,
                    "type": "string",
                    "value": "production-alb-prometheus-1353311291.us-east-1.elb.amazonaws.com"
                },
                "alb_zone_id": {
                    "sensitive": false,
                    "type": "string",
                    "value": "Z35SXDOTRQ7X7K"
                },
                "cluster_name": {
                    "sensitive": false,
                    "type": "string",
                    "value": "production-ecs-cluster"
                },
                "repository_url": {
                    "sensitive": false,
                    "type": "string",
                    "value": "680090242614.dkr.ecr.us-east-1.amazonaws.com/prometheus/production"
                },
                "security_group_id": {
                    "sensitive": false,
                    "type": "string",
                    "value": "sg-059ed70674c0b721d"
                }
            },
            "resources": {
                "aws_alb.alb_prometheus": {
                    "type": "aws_alb",
                    "depends_on": [
                        "aws_security_group.web_inbound_sg"
                    ],
                    "primary": {
                        "id": "arn:aws:elasticloadbalancing:us-east-1:680090242614:loadbalancer/app/production-alb-prometheus/5ef455bbf3b795c1",
                        "attributes": {
                            "access_logs.#": "0",
                            "arn": "arn:aws:elasticloadbalancing:us-east-1:680090242614:loadbalancer/app/production-alb-prometheus/5ef455bbf3b795c1",
                            "arn_suffix": "app/production-alb-prometheus/5ef455bbf3b795c1",
                            "dns_name": "production-alb-prometheus-1353311291.us-east-1.elb.amazonaws.com",
                            "enable_deletion_protection": "false",
                            "enable_http2": "true",
                            "id": "arn:aws:elasticloadbalancing:us-east-1:680090242614:loadbalancer/app/production-alb-prometheus/5ef455bbf3b795c1",
                            "idle_timeout": "60",
                            "internal": "false",
                            "ip_address_type": "ipv4",
                            "load_balancer_type": "application",
                            "name": "production-alb-prometheus",
                            "security_groups.#": "3",
                            "security_groups.1519311401": "sg-0dc02958b6689b53b",
                            "security_groups.2468930161": "sg-0cbbd38160f0ef788",
                            "security_groups.3643134445": "sg-00e11929ce90c7023",
                            "subnet_mapping.#": "0",
                            "subnets.#": "2",
                            "subnets.2061625843": "subnet-00c870d3e1f9a756f",
                            "subnets.2540851984": "subnet-0ffe050f0508191f1",
                            "tags.%": "2",
                            "tags.Environment": "production",
                            "tags.Name": "production-alb-prometheus",
                            "vpc_id": "vpc-09f604c89b4707178",
                            "zone_id": "Z35SXDOTRQ7X7K"
                        },
                        "meta": {
                            "e2bfb730-ecaa-11e6-8f88-34363bc7c4c0": {
                                "create": 600000000000,
                                "delete": 600000000000,
                                "update": 600000000000
                            }
                        },
                        "tainted": false
                    },
                    "deposed": [],
                    "provider": "provider.aws"
                },
                "aws_alb_listener.prometheus": {
                    "type": "aws_alb_listener",
                    "depends_on": [
                        "aws_alb.alb_prometheus",
                        "aws_alb_target_group.alb_target_group"
                    ],
                    "primary": {
                        "id": "arn:aws:elasticloadbalancing:us-east-1:680090242614:listener/app/production-alb-prometheus/5ef455bbf3b795c1/7fa7be4318c2e9f8",
                        "attributes": {
                            "arn": "arn:aws:elasticloadbalancing:us-east-1:680090242614:listener/app/production-alb-prometheus/5ef455bbf3b795c1/7fa7be4318c2e9f8",
                            "default_action.#": "1",
                            "default_action.0.authenticate_cognito.#": "0",
                            "default_action.0.authenticate_oidc.#": "0",
                            "default_action.0.fixed_response.#": "0",
                            "default_action.0.order": "1",
                            "default_action.0.redirect.#": "0",
                            "default_action.0.target_group_arn": "arn:aws:elasticloadbalancing:us-east-1:680090242614:targetgroup/production-alb-target-group-dda2/8ed58c6cc1335936",
                            "default_action.0.type": "forward",
                            "id": "arn:aws:elasticloadbalancing:us-east-1:680090242614:listener/app/production-alb-prometheus/5ef455bbf3b795c1/7fa7be4318c2e9f8",
                            "load_balancer_arn": "arn:aws:elasticloadbalancing:us-east-1:680090242614:loadbalancer/app/production-alb-prometheus/5ef455bbf3b795c1",
                            "port": "80",
                            "protocol": "HTTP",
                            "ssl_policy": ""
                        },
                        "meta": {
                            "e2bfb730-ecaa-11e6-8f88-34363bc7c4c0": {
                                "read": 600000000000
                            }
                        },
                        "tainted": false
                    },
                    "deposed": [],
                    "provider": "provider.aws"
                },
                "aws_alb_target_group.alb_target_group": {
                    "type": "aws_alb_target_group",
                    "depends_on": [
                        "random_id.target_group_sufix"
                    ],
                    "primary": {
                        "id": "arn:aws:elasticloadbalancing:us-east-1:680090242614:targetgroup/production-alb-target-group-dda2/8ed58c6cc1335936",
                        "attributes": {
                            "arn": "arn:aws:elasticloadbalancing:us-east-1:680090242614:targetgroup/production-alb-target-group-dda2/8ed58c6cc1335936",
                            "arn_suffix": "targetgroup/production-alb-target-group-dda2/8ed58c6cc1335936",
                            "deregistration_delay": "300",
                            "health_check.#": "1",
                            "health_check.0.healthy_threshold": "5",
                            "health_check.0.interval": "30",
                            "health_check.0.matcher": "200",
                            "health_check.0.path": "/",
                            "health_check.0.port": "traffic-port",
                            "health_check.0.protocol": "HTTP",
                            "health_check.0.timeout": "5",
                            "health_check.0.unhealthy_threshold": "2",
                            "id": "arn:aws:elasticloadbalancing:us-east-1:680090242614:targetgroup/production-alb-target-group-dda2/8ed58c6cc1335936",
                            "name": "production-alb-target-group-dda2",
                            "port": "80",
                            "protocol": "HTTP",
                            "proxy_protocol_v2": "false",
                            "slow_start": "0",
                            "stickiness.#": "1",
                            "stickiness.0.cookie_duration": "86400",
                            "stickiness.0.enabled": "false",
                            "stickiness.0.type": "lb_cookie",
                            "tags.%": "0",
                            "target_type": "ip",
                            "vpc_id": "vpc-09f604c89b4707178"
                        },
                        "meta": {},
                        "tainted": false
                    },
                    "deposed": [],
                    "provider": "provider.aws"
                },
                "aws_cloudwatch_log_group.prometheus": {
                    "type": "aws_cloudwatch_log_group",
                    "depends_on": [],
                    "primary": {
                        "id": "prometheus",
                        "attributes": {
                            "arn": "arn:aws:logs:us-east-1:680090242614:log-group:prometheus:*",
                            "id": "prometheus",
                            "kms_key_id": "",
                            "name": "prometheus",
                            "retention_in_days": "0",
                            "tags.%": "2",
                            "tags.Application": "prometheus",
                            "tags.Environment": "production"
                        },
                        "meta": {},
                        "tainted": false
                    },
                    "deposed": [],
                    "provider": "provider.aws"
                },
                "aws_ecr_repository.prometheus_app": {
                    "type": "aws_ecr_repository",
                    "depends_on": [],
                    "primary": {
                        "id": "prometheus/production",
                        "attributes": {
                            "arn": "arn:aws:ecr:us-east-1:680090242614:repository/prometheus/production",
                            "id": "prometheus/production",
                            "name": "prometheus/production",
                            "registry_id": "680090242614",
                            "repository_url": "680090242614.dkr.ecr.us-east-1.amazonaws.com/prometheus/production"
                        },
                        "meta": {
                            "e2bfb730-ecaa-11e6-8f88-34363bc7c4c0": {
                                "delete": 1200000000000
                            }
                        },
                        "tainted": false
                    },
                    "deposed": [],
                    "provider": "provider.aws"
                },
                "aws_ecs_cluster.cluster": {
                    "type": "aws_ecs_cluster",
                    "depends_on": [],
                    "primary": {
                        "id": "arn:aws:ecs:us-east-1:680090242614:cluster/production-ecs-cluster",
                        "attributes": {
                            "arn": "arn:aws:ecs:us-east-1:680090242614:cluster/production-ecs-cluster",
                            "id": "arn:aws:ecs:us-east-1:680090242614:cluster/production-ecs-cluster",
                            "name": "production-ecs-cluster",
                            "tags.%": "0"
                        },
                        "meta": {},
                        "tainted": false
                    },
                    "deposed": [],
                    "provider": "provider.aws"
                },
                "aws_security_group.ecs_service": {
                    "type": "aws_security_group",
                    "depends_on": [],
                    "primary": {
                        "id": "sg-059ed70674c0b721d",
                        "attributes": {
                            "arn": "arn:aws:ec2:us-east-1:680090242614:security-group/sg-059ed70674c0b721d",
                            "description": "Allow egress from container",
                            "egress.#": "1",
                            "egress.482069346.cidr_blocks.#": "1",
                            "egress.482069346.cidr_blocks.0": "0.0.0.0/0",
                            "egress.482069346.description": "",
                            "egress.482069346.from_port": "0",
                            "egress.482069346.ipv6_cidr_blocks.#": "0",
                            "egress.482069346.prefix_list_ids.#": "0",
                            "egress.482069346.protocol": "-1",
                            "egress.482069346.security_groups.#": "0",
                            "egress.482069346.self": "false",
                            "egress.482069346.to_port": "0",
                            "id": "sg-059ed70674c0b721d",
                            "ingress.#": "1",
                            "ingress.3068409405.cidr_blocks.#": "1",
                            "ingress.3068409405.cidr_blocks.0": "0.0.0.0/0",
                            "ingress.3068409405.description": "",
                            "ingress.3068409405.from_port": "8",
                            "ingress.3068409405.ipv6_cidr_blocks.#": "0",
                            "ingress.3068409405.prefix_list_ids.#": "0",
                            "ingress.3068409405.protocol": "icmp",
                            "ingress.3068409405.security_groups.#": "0",
                            "ingress.3068409405.self": "false",
                            "ingress.3068409405.to_port": "0",
                            "name": "production-ecs-service-sg",
                            "owner_id": "680090242614",
                            "revoke_rules_on_delete": "false",
                            "tags.%": "2",
                            "tags.Environment": "production",
                            "tags.Name": "production-ecs-service-sg",
                            "vpc_id": "vpc-09f604c89b4707178"
                        },
                        "meta": {
                            "e2bfb730-ecaa-11e6-8f88-34363bc7c4c0": {
                                "create": 600000000000,
                                "delete": 600000000000
                            },
                            "schema_version": "1"
                        },
                        "tainted": false
                    },
                    "deposed": [],
                    "provider": "provider.aws"
                },
                "aws_security_group.web_inbound_sg": {
                    "type": "aws_security_group",
                    "depends_on": [],
                    "primary": {
                        "id": "sg-00e11929ce90c7023",
                        "attributes": {
                            "arn": "arn:aws:ec2:us-east-1:680090242614:security-group/sg-00e11929ce90c7023",
                            "description": "Allow HTTP from Anywhere into ALB",
                            "egress.#": "1",
                            "egress.482069346.cidr_blocks.#": "1",
                            "egress.482069346.cidr_blocks.0": "0.0.0.0/0",
                            "egress.482069346.description": "",
                            "egress.482069346.from_port": "0",
                            "egress.482069346.ipv6_cidr_blocks.#": "0",
                            "egress.482069346.prefix_list_ids.#": "0",
                            "egress.482069346.protocol": "-1",
                            "egress.482069346.security_groups.#": "0",
                            "egress.482069346.self": "false",
                            "egress.482069346.to_port": "0",
                            "id": "sg-00e11929ce90c7023",
                            "ingress.#": "2",
                            "ingress.2214680975.cidr_blocks.#": "1",
                            "ingress.2214680975.cidr_blocks.0": "0.0.0.0/0",
                            "ingress.2214680975.description": "",
                            "ingress.2214680975.from_port": "80",
                            "ingress.2214680975.ipv6_cidr_blocks.#": "0",
                            "ingress.2214680975.prefix_list_ids.#": "0",
                            "ingress.2214680975.protocol": "tcp",
                            "ingress.2214680975.security_groups.#": "0",
                            "ingress.2214680975.self": "false",
                            "ingress.2214680975.to_port": "80",
                            "ingress.3068409405.cidr_blocks.#": "1",
                            "ingress.3068409405.cidr_blocks.0": "0.0.0.0/0",
                            "ingress.3068409405.description": "",
                            "ingress.3068409405.from_port": "8",
                            "ingress.3068409405.ipv6_cidr_blocks.#": "0",
                            "ingress.3068409405.prefix_list_ids.#": "0",
                            "ingress.3068409405.protocol": "icmp",
                            "ingress.3068409405.security_groups.#": "0",
                            "ingress.3068409405.self": "false",
                            "ingress.3068409405.to_port": "0",
                            "name": "production-web-inbound-sg",
                            "owner_id": "680090242614",
                            "revoke_rules_on_delete": "false",
                            "tags.%": "1",
                            "tags.Name": "production-web-inbound-sg",
                            "vpc_id": "vpc-09f604c89b4707178"
                        },
                        "meta": {
                            "e2bfb730-ecaa-11e6-8f88-34363bc7c4c0": {
                                "create": 600000000000,
                                "delete": 600000000000
                            },
                            "schema_version": "1"
                        },
                        "tainted": false
                    },
                    "deposed": [],
                    "provider": "provider.aws"
                },
                "data.aws_iam_policy_document.ecs_service_policy": {
                    "type": "aws_iam_policy_document",
                    "depends_on": [],
                    "primary": {
                        "id": "3615693260",
                        "attributes": {
                            "id": "3615693260",
                            "json": "{\n  \"Version\": \"2012-10-17\",\n  \"Statement\": [\n    {\n      \"Sid\": \"\",\n      \"Effect\": \"Allow\",\n      \"Action\": [\n        \"elasticloadbalancing:RegisterInstancesWithLoadBalancer\",\n        \"elasticloadbalancing:Describe*\",\n        \"elasticloadbalancing:DeregisterInstancesFromLoadBalancer\",\n        \"ec2:Describe*\",\n        \"ec2:AuthorizeSecurityGroupIngress\"\n      ],\n      \"Resource\": \"*\"\n    }\n  ]\n}",
                            "statement.#": "1",
                            "statement.0.actions.#": "5",
                            "statement.0.actions.2459212947": "ec2:Describe*",
                            "statement.0.actions.2464853358": "ec2:AuthorizeSecurityGroupIngress",
                            "statement.0.actions.2706807274": "elasticloadbalancing:DeregisterInstancesFromLoadBalancer",
                            "statement.0.actions.2747799858": "elasticloadbalancing:Describe*",
                            "statement.0.actions.982461153": "elasticloadbalancing:RegisterInstancesWithLoadBalancer",
                            "statement.0.condition.#": "0",
                            "statement.0.effect": "Allow",
                            "statement.0.not_actions.#": "0",
                            "statement.0.not_principals.#": "0",
                            "statement.0.not_resources.#": "0",
                            "statement.0.principals.#": "0",
                            "statement.0.resources.#": "1",
                            "statement.0.resources.2679715827": "*",
                            "statement.0.sid": "",
                            "version": "2012-10-17"
                        },
                        "meta": {},
                        "tainted": false
                    },
                    "deposed": [],
                    "provider": "provider.aws"
                },
                "data.aws_iam_policy_document.ecs_service_role": {
                    "type": "aws_iam_policy_document",
                    "depends_on": [],
                    "primary": {
                        "id": "3622649364",
                        "attributes": {
                            "id": "3622649364",
                            "json": "{\n  \"Version\": \"2012-10-17\",\n  \"Statement\": [\n    {\n      \"Sid\": \"\",\n      \"Effect\": \"Allow\",\n      \"Action\": \"sts:AssumeRole\",\n      \"Principal\": {\n        \"Service\": \"ecs.amazonaws.com\"\n      }\n    }\n  ]\n}",
                            "statement.#": "1",
                            "statement.0.actions.#": "1",
                            "statement.0.actions.2528466339": "sts:AssumeRole",
                            "statement.0.condition.#": "0",
                            "statement.0.effect": "Allow",
                            "statement.0.not_actions.#": "0",
                            "statement.0.not_principals.#": "0",
                            "statement.0.not_resources.#": "0",
                            "statement.0.principals.#": "1",
                            "statement.0.principals.1113412664.identifiers.#": "1",
                            "statement.0.principals.1113412664.identifiers.1509832800": "ecs.amazonaws.com",
                            "statement.0.principals.1113412664.type": "Service",
                            "statement.0.resources.#": "0",
                            "statement.0.sid": "",
                            "version": "2012-10-17"
                        },
                        "meta": {},
                        "tainted": false
                    },
                    "deposed": [],
                    "provider": "provider.aws"
                },
                "random_id.target_group_sufix": {
                    "type": "random_id",
                    "depends_on": [],
                    "primary": {
                        "id": "3aI",
                        "attributes": {
                            "b64": "3aI",
                            "b64_std": "3aI=",
                            "b64_url": "3aI",
                            "byte_length": "2",
                            "dec": "56738",
                            "hex": "dda2",
                            "id": "3aI"
                        },
                        "meta": {},
                        "tainted": false
                    },
                    "deposed": [],
                    "provider": "provider.random"
                }
            },
            "depends_on": []
        },
        {
            "path": [
                "root",
                "networking"
            ],
            "outputs": {
                "default_sg_id": {
                    "sensitive": false,
                    "type": "string",
                    "value": "sg-0cbbd38160f0ef788"
                },
                "private_subnets_id": {
                    "sensitive": false,
                    "type": "list",
                    "value": [
                        "subnet-04efa4a6309001774",
                        "subnet-0a0f064fc2de4bdc6"
                    ]
                },
                "public_subnets_id": {
                    "sensitive": false,
                    "type": "list",
                    "value": [
                        "subnet-0ffe050f0508191f1",
                        "subnet-00c870d3e1f9a756f"
                    ]
                },
                "security_groups_ids": {
                    "sensitive": false,
                    "type": "list",
                    "value": [
                        "sg-0cbbd38160f0ef788"
                    ]
                },
                "vpc_id": {
                    "sensitive": false,
                    "type": "string",
                    "value": "vpc-09f604c89b4707178"
                }
            },
            "resources": {
                "aws_eip.nat_eip": {
                    "type": "aws_eip",
                    "depends_on": [
                        "aws_internet_gateway.ig"
                    ],
                    "primary": {
                        "id": "eipalloc-0ebb4367c14e64346",
                        "attributes": {
                            "association_id": "",
                            "domain": "vpc",
                            "id": "eipalloc-0ebb4367c14e64346",
                            "instance": "",
                            "network_interface": "",
                            "private_ip": "",
                            "public_ip": "35.175.68.51",
                            "public_ipv4_pool": "amazon",
                            "tags.%": "0",
                            "vpc": "true"
                        },
                        "meta": {
                            "e2bfb730-ecaa-11e6-8f88-34363bc7c4c0": {
                                "delete": 180000000000,
                                "read": 900000000000,
                                "update": 300000000000
                            }
                        },
                        "tainted": false
                    },
                    "deposed": [],
                    "provider": "provider.aws"
                },
                "aws_internet_gateway.ig": {
                    "type": "aws_internet_gateway",
                    "depends_on": [
                        "aws_vpc.vpc"
                    ],
                    "primary": {
                        "id": "igw-0542c6430c180a10f",
                        "attributes": {
                            "id": "igw-0542c6430c180a10f",
                            "owner_id": "680090242614",
                            "tags.%": "2",
                            "tags.Environment": "production",
                            "tags.Name": "production-igw",
                            "vpc_id": "vpc-09f604c89b4707178"
                        },
                        "meta": {},
                        "tainted": false
                    },
                    "deposed": [],
                    "provider": "provider.aws"
                },
                "aws_nat_gateway.nat": {
                    "type": "aws_nat_gateway",
                    "depends_on": [
                        "aws_eip.nat_eip",
                        "aws_internet_gateway.ig",
                        "aws_subnet.public_subnet.*"
                    ],
                    "primary": {
                        "id": "nat-02554688fde1522b6",
                        "attributes": {
                            "allocation_id": "eipalloc-0ebb4367c14e64346",
                            "id": "nat-02554688fde1522b6",
                            "network_interface_id": "eni-01c3868782080c21e",
                            "private_ip": "10.0.1.17",
                            "public_ip": "35.175.68.51",
                            "subnet_id": "subnet-0ffe050f0508191f1",
                            "tags.%": "2",
                            "tags.Environment": "production",
                            "tags.Name": "production-us-east-1a-nat"
                        },
                        "meta": {},
                        "tainted": false
                    },
                    "deposed": [],
                    "provider": "provider.aws"
                },
                "aws_route.private_nat_gateway": {
                    "type": "aws_route",
                    "depends_on": [
                        "aws_nat_gateway.nat",
                        "aws_route_table.private"
                    ],
                    "primary": {
                        "id": "r-rtb-07c9c1888275e0a651080289494",
                        "attributes": {
                            "destination_cidr_block": "0.0.0.0/0",
                            "destination_prefix_list_id": "",
                            "egress_only_gateway_id": "",
                            "gateway_id": "",
                            "id": "r-rtb-07c9c1888275e0a651080289494",
                            "instance_id": "",
                            "instance_owner_id": "",
                            "nat_gateway_id": "nat-02554688fde1522b6",
                            "network_interface_id": "",
                            "origin": "CreateRoute",
                            "route_table_id": "rtb-07c9c1888275e0a65",
                            "state": "active",
                            "transit_gateway_id": "",
                            "vpc_peering_connection_id": ""
                        },
                        "meta": {
                            "e2bfb730-ecaa-11e6-8f88-34363bc7c4c0": {
                                "create": 120000000000,
                                "delete": 300000000000
                            }
                        },
                        "tainted": false
                    },
                    "deposed": [],
                    "provider": "provider.aws"
                },
                "aws_route.public_internet_gateway": {
                    "type": "aws_route",
                    "depends_on": [
                        "aws_internet_gateway.ig",
                        "aws_route_table.public"
                    ],
                    "primary": {
                        "id": "r-rtb-0761e4313b89b870a1080289494",
                        "attributes": {
                            "destination_cidr_block": "0.0.0.0/0",
                            "destination_prefix_list_id": "",
                            "egress_only_gateway_id": "",
                            "gateway_id": "igw-0542c6430c180a10f",
                            "id": "r-rtb-0761e4313b89b870a1080289494",
                            "instance_id": "",
                            "instance_owner_id": "",
                            "nat_gateway_id": "",
                            "network_interface_id": "",
                            "origin": "CreateRoute",
                            "route_table_id": "rtb-0761e4313b89b870a",
                            "state": "active",
                            "transit_gateway_id": "",
                            "vpc_peering_connection_id": ""
                        },
                        "meta": {
                            "e2bfb730-ecaa-11e6-8f88-34363bc7c4c0": {
                                "create": 120000000000,
                                "delete": 300000000000
                            }
                        },
                        "tainted": false
                    },
                    "deposed": [],
                    "provider": "provider.aws"
                },
                "aws_route_table.private": {
                    "type": "aws_route_table",
                    "depends_on": [
                        "aws_vpc.vpc"
                    ],
                    "primary": {
                        "id": "rtb-07c9c1888275e0a65",
                        "attributes": {
                            "id": "rtb-07c9c1888275e0a65",
                            "owner_id": "680090242614",
                            "propagating_vgws.#": "0",
                            "route.#": "0",
                            "tags.%": "2",
                            "tags.Environment": "production",
                            "tags.Name": "production-private-route-table",
                            "vpc_id": "vpc-09f604c89b4707178"
                        },
                        "meta": {},
                        "tainted": false
                    },
                    "deposed": [],
                    "provider": "provider.aws"
                },
                "aws_route_table.public": {
                    "type": "aws_route_table",
                    "depends_on": [
                        "aws_vpc.vpc"
                    ],
                    "primary": {
                        "id": "rtb-0761e4313b89b870a",
                        "attributes": {
                            "id": "rtb-0761e4313b89b870a",
                            "owner_id": "680090242614",
                            "propagating_vgws.#": "0",
                            "route.#": "0",
                            "tags.%": "2",
                            "tags.Environment": "production",
                            "tags.Name": "production-public-route-table",
                            "vpc_id": "vpc-09f604c89b4707178"
                        },
                        "meta": {},
                        "tainted": false
                    },
                    "deposed": [],
                    "provider": "provider.aws"
                },
                "aws_route_table_association.private.0": {
                    "type": "aws_route_table_association",
                    "depends_on": [
                        "aws_route_table.private",
                        "aws_subnet.private_subnet.*"
                    ],
                    "primary": {
                        "id": "rtbassoc-0d6a56c79bade2be1",
                        "attributes": {
                            "id": "rtbassoc-0d6a56c79bade2be1",
                            "route_table_id": "rtb-07c9c1888275e0a65",
                            "subnet_id": "subnet-04efa4a6309001774"
                        },
                        "meta": {},
                        "tainted": false
                    },
                    "deposed": [],
                    "provider": "provider.aws"
                },
                "aws_route_table_association.private.1": {
                    "type": "aws_route_table_association",
                    "depends_on": [
                        "aws_route_table.private",
                        "aws_subnet.private_subnet.*"
                    ],
                    "primary": {
                        "id": "rtbassoc-0b8612b1d96debb7e",
                        "attributes": {
                            "id": "rtbassoc-0b8612b1d96debb7e",
                            "route_table_id": "rtb-07c9c1888275e0a65",
                            "subnet_id": "subnet-0a0f064fc2de4bdc6"
                        },
                        "meta": {},
                        "tainted": false
                    },
                    "deposed": [],
                    "provider": "provider.aws"
                },
                "aws_route_table_association.public.0": {
                    "type": "aws_route_table_association",
                    "depends_on": [
                        "aws_route_table.public",
                        "aws_subnet.public_subnet.*"
                    ],
                    "primary": {
                        "id": "rtbassoc-0d225b8d17e604b33",
                        "attributes": {
                            "id": "rtbassoc-0d225b8d17e604b33",
                            "route_table_id": "rtb-0761e4313b89b870a",
                            "subnet_id": "subnet-0ffe050f0508191f1"
                        },
                        "meta": {},
                        "tainted": false
                    },
                    "deposed": [],
                    "provider": "provider.aws"
                },
                "aws_route_table_association.public.1": {
                    "type": "aws_route_table_association",
                    "depends_on": [
                        "aws_route_table.public",
                        "aws_subnet.public_subnet.*"
                    ],
                    "primary": {
                        "id": "rtbassoc-04252c7e079a9252a",
                        "attributes": {
                            "id": "rtbassoc-04252c7e079a9252a",
                            "route_table_id": "rtb-0761e4313b89b870a",
                            "subnet_id": "subnet-00c870d3e1f9a756f"
                        },
                        "meta": {},
                        "tainted": false
                    },
                    "deposed": [],
                    "provider": "provider.aws"
                },
                "aws_security_group.default": {
                    "type": "aws_security_group",
                    "depends_on": [
                        "aws_vpc.vpc"
                    ],
                    "primary": {
                        "id": "sg-0cbbd38160f0ef788",
                        "attributes": {
                            "arn": "arn:aws:ec2:us-east-1:680090242614:security-group/sg-0cbbd38160f0ef788",
                            "description": "Default security group to allow inbound/outbound from the VPC",
                            "egress.#": "1",
                            "egress.753360330.cidr_blocks.#": "0",
                            "egress.753360330.description": "",
                            "egress.753360330.from_port": "0",
                            "egress.753360330.ipv6_cidr_blocks.#": "0",
                            "egress.753360330.prefix_list_ids.#": "0",
                            "egress.753360330.protocol": "-1",
                            "egress.753360330.security_groups.#": "0",
                            "egress.753360330.self": "true",
                            "egress.753360330.to_port": "0",
                            "id": "sg-0cbbd38160f0ef788",
                            "ingress.#": "1",
                            "ingress.753360330.cidr_blocks.#": "0",
                            "ingress.753360330.description": "",
                            "ingress.753360330.from_port": "0",
                            "ingress.753360330.ipv6_cidr_blocks.#": "0",
                            "ingress.753360330.prefix_list_ids.#": "0",
                            "ingress.753360330.protocol": "-1",
                            "ingress.753360330.security_groups.#": "0",
                            "ingress.753360330.self": "true",
                            "ingress.753360330.to_port": "0",
                            "name": "production-default-sg",
                            "owner_id": "680090242614",
                            "revoke_rules_on_delete": "false",
                            "tags.%": "1",
                            "tags.Environment": "production",
                            "vpc_id": "vpc-09f604c89b4707178"
                        },
                        "meta": {
                            "e2bfb730-ecaa-11e6-8f88-34363bc7c4c0": {
                                "create": 600000000000,
                                "delete": 600000000000
                            },
                            "schema_version": "1"
                        },
                        "tainted": false
                    },
                    "deposed": [],
                    "provider": "provider.aws"
                },
                "aws_subnet.private_subnet.0": {
                    "type": "aws_subnet",
                    "depends_on": [
                        "aws_vpc.vpc"
                    ],
                    "primary": {
                        "id": "subnet-04efa4a6309001774",
                        "attributes": {
                            "arn": "arn:aws:ec2:us-east-1:680090242614:subnet/subnet-04efa4a6309001774",
                            "assign_ipv6_address_on_creation": "false",
                            "availability_zone": "us-east-1a",
                            "availability_zone_id": "use1-az1",
                            "cidr_block": "10.0.10.0/24",
                            "id": "subnet-04efa4a6309001774",
                            "ipv6_cidr_block": "",
                            "ipv6_cidr_block_association_id": "",
                            "map_public_ip_on_launch": "false",
                            "owner_id": "680090242614",
                            "tags.%": "2",
                            "tags.Environment": "production",
                            "tags.Name": "production-us-east-1a-private-subnet",
                            "vpc_id": "vpc-09f604c89b4707178"
                        },
                        "meta": {
                            "e2bfb730-ecaa-11e6-8f88-34363bc7c4c0": {
                                "create": 600000000000,
                                "delete": 600000000000
                            },
                            "schema_version": "1"
                        },
                        "tainted": false
                    },
                    "deposed": [],
                    "provider": "provider.aws"
                },
                "aws_subnet.private_subnet.1": {
                    "type": "aws_subnet",
                    "depends_on": [
                        "aws_vpc.vpc"
                    ],
                    "primary": {
                        "id": "subnet-0a0f064fc2de4bdc6",
                        "attributes": {
                            "arn": "arn:aws:ec2:us-east-1:680090242614:subnet/subnet-0a0f064fc2de4bdc6",
                            "assign_ipv6_address_on_creation": "false",
                            "availability_zone": "us-east-1b",
                            "availability_zone_id": "use1-az2",
                            "cidr_block": "10.0.20.0/24",
                            "id": "subnet-0a0f064fc2de4bdc6",
                            "ipv6_cidr_block": "",
                            "ipv6_cidr_block_association_id": "",
                            "map_public_ip_on_launch": "false",
                            "owner_id": "680090242614",
                            "tags.%": "2",
                            "tags.Environment": "production",
                            "tags.Name": "production-us-east-1b-private-subnet",
                            "vpc_id": "vpc-09f604c89b4707178"
                        },
                        "meta": {
                            "e2bfb730-ecaa-11e6-8f88-34363bc7c4c0": {
                                "create": 600000000000,
                                "delete": 600000000000
                            },
                            "schema_version": "1"
                        },
                        "tainted": false
                    },
                    "deposed": [],
                    "provider": "provider.aws"
                },
                "aws_subnet.public_subnet.0": {
                    "type": "aws_subnet",
                    "depends_on": [
                        "aws_vpc.vpc"
                    ],
                    "primary": {
                        "id": "subnet-0ffe050f0508191f1",
                        "attributes": {
                            "arn": "arn:aws:ec2:us-east-1:680090242614:subnet/subnet-0ffe050f0508191f1",
                            "assign_ipv6_address_on_creation": "false",
                            "availability_zone": "us-east-1a",
                            "availability_zone_id": "use1-az1",
                            "cidr_block": "10.0.1.0/24",
                            "id": "subnet-0ffe050f0508191f1",
                            "ipv6_cidr_block": "",
                            "ipv6_cidr_block_association_id": "",
                            "map_public_ip_on_launch": "true",
                            "owner_id": "680090242614",
                            "tags.%": "2",
                            "tags.Environment": "production",
                            "tags.Name": "production-us-east-1a-public-subnet",
                            "vpc_id": "vpc-09f604c89b4707178"
                        },
                        "meta": {
                            "e2bfb730-ecaa-11e6-8f88-34363bc7c4c0": {
                                "create": 600000000000,
                                "delete": 600000000000
                            },
                            "schema_version": "1"
                        },
                        "tainted": false
                    },
                    "deposed": [],
                    "provider": "provider.aws"
                },
                "aws_subnet.public_subnet.1": {
                    "type": "aws_subnet",
                    "depends_on": [
                        "aws_vpc.vpc"
                    ],
                    "primary": {
                        "id": "subnet-00c870d3e1f9a756f",
                        "attributes": {
                            "arn": "arn:aws:ec2:us-east-1:680090242614:subnet/subnet-00c870d3e1f9a756f",
                            "assign_ipv6_address_on_creation": "false",
                            "availability_zone": "us-east-1b",
                            "availability_zone_id": "use1-az2",
                            "cidr_block": "10.0.2.0/24",
                            "id": "subnet-00c870d3e1f9a756f",
                            "ipv6_cidr_block": "",
                            "ipv6_cidr_block_association_id": "",
                            "map_public_ip_on_launch": "true",
                            "owner_id": "680090242614",
                            "tags.%": "2",
                            "tags.Environment": "production",
                            "tags.Name": "production-us-east-1b-public-subnet",
                            "vpc_id": "vpc-09f604c89b4707178"
                        },
                        "meta": {
                            "e2bfb730-ecaa-11e6-8f88-34363bc7c4c0": {
                                "create": 600000000000,
                                "delete": 600000000000
                            },
                            "schema_version": "1"
                        },
                        "tainted": false
                    },
                    "deposed": [],
                    "provider": "provider.aws"
                },
                "aws_vpc.vpc": {
                    "type": "aws_vpc",
                    "depends_on": [],
                    "primary": {
                        "id": "vpc-09f604c89b4707178",
                        "attributes": {
                            "arn": "arn:aws:ec2:us-east-1:680090242614:vpc/vpc-09f604c89b4707178",
                            "assign_generated_ipv6_cidr_block": "false",
                            "cidr_block": "10.0.0.0/16",
                            "default_network_acl_id": "acl-01ac5094291c6e966",
                            "default_route_table_id": "rtb-0c0ff24c5bebffc1a",
                            "default_security_group_id": "sg-0404f29f6a4703857",
                            "dhcp_options_id": "dopt-7a0eec1f",
                            "enable_classiclink": "false",
                            "enable_classiclink_dns_support": "false",
                            "enable_dns_hostnames": "true",
                            "enable_dns_support": "true",
                            "id": "vpc-09f604c89b4707178",
                            "instance_tenancy": "default",
                            "ipv6_association_id": "",
                            "ipv6_cidr_block": "",
                            "main_route_table_id": "rtb-0c0ff24c5bebffc1a",
                            "owner_id": "680090242614",
                            "tags.%": "2",
                            "tags.Environment": "production",
                            "tags.Name": "production-vpc"
                        },
                        "meta": {
                            "schema_version": "1"
                        },
                        "tainted": false
                    },
                    "deposed": [],
                    "provider": "provider.aws"
                }
            },
            "depends_on": []
        },
        {
            "path": [
                "root",
                "rds"
            ],
            "outputs": {
                "db_access_sg_id": {
                    "sensitive": false,
                    "type": "string",
                    "value": "sg-0dc02958b6689b53b"
                }
            },
            "resources": {
                "aws_security_group.db_access_sg": {
                    "type": "aws_security_group",
                    "depends_on": [],
                    "primary": {
                        "id": "sg-0dc02958b6689b53b",
                        "attributes": {
                            "arn": "arn:aws:ec2:us-east-1:680090242614:security-group/sg-0dc02958b6689b53b",
                            "description": "Allow access to RDS",
                            "egress.#": "0",
                            "id": "sg-0dc02958b6689b53b",
                            "ingress.#": "0",
                            "name": "production-db-access-sg",
                            "owner_id": "680090242614",
                            "revoke_rules_on_delete": "false",
                            "tags.%": "2",
                            "tags.Environment": "production",
                            "tags.Name": "production-db-access-sg",
                            "vpc_id": "vpc-09f604c89b4707178"
                        },
                        "meta": {
                            "e2bfb730-ecaa-11e6-8f88-34363bc7c4c0": {
                                "create": 600000000000,
                                "delete": 600000000000
                            },
                            "schema_version": "1"
                        },
                        "tainted": false
                    },
                    "deposed": [],
                    "provider": "provider.aws"
                },
                "aws_security_group.rds_sg": {
                    "type": "aws_security_group",
                    "depends_on": [
                        "aws_security_group.db_access_sg"
                    ],
                    "primary": {
                        "id": "sg-003e97695e1357395",
                        "attributes": {
                            "arn": "arn:aws:ec2:us-east-1:680090242614:security-group/sg-003e97695e1357395",
                            "description": "production Security Group",
                            "egress.#": "1",
                            "egress.482069346.cidr_blocks.#": "1",
                            "egress.482069346.cidr_blocks.0": "0.0.0.0/0",
                            "egress.482069346.description": "",
                            "egress.482069346.from_port": "0",
                            "egress.482069346.ipv6_cidr_blocks.#": "0",
                            "egress.482069346.prefix_list_ids.#": "0",
                            "egress.482069346.protocol": "-1",
                            "egress.482069346.security_groups.#": "0",
                            "egress.482069346.self": "false",
                            "egress.482069346.to_port": "0",
                            "id": "sg-003e97695e1357395",
                            "ingress.#": "2",
                            "ingress.1945862210.cidr_blocks.#": "0",
                            "ingress.1945862210.description": "",
                            "ingress.1945862210.from_port": "5432",
                            "ingress.1945862210.ipv6_cidr_blocks.#": "0",
                            "ingress.1945862210.prefix_list_ids.#": "0",
                            "ingress.1945862210.protocol": "tcp",
                            "ingress.1945862210.security_groups.#": "1",
                            "ingress.1945862210.security_groups.1519311401": "sg-0dc02958b6689b53b",
                            "ingress.1945862210.self": "false",
                            "ingress.1945862210.to_port": "5432",
                            "ingress.753360330.cidr_blocks.#": "0",
                            "ingress.753360330.description": "",
                            "ingress.753360330.from_port": "0",
                            "ingress.753360330.ipv6_cidr_blocks.#": "0",
                            "ingress.753360330.prefix_list_ids.#": "0",
                            "ingress.753360330.protocol": "-1",
                            "ingress.753360330.security_groups.#": "0",
                            "ingress.753360330.self": "true",
                            "ingress.753360330.to_port": "0",
                            "name": "production-rds-sg",
                            "owner_id": "680090242614",
                            "revoke_rules_on_delete": "false",
                            "tags.%": "2",
                            "tags.Environment": "production",
                            "tags.Name": "production-rds-sg",
                            "vpc_id": "vpc-09f604c89b4707178"
                        },
                        "meta": {
                            "e2bfb730-ecaa-11e6-8f88-34363bc7c4c0": {
                                "create": 600000000000,
                                "delete": 600000000000
                            },
                            "schema_version": "1"
                        },
                        "tainted": false
                    },
                    "deposed": [],
                    "provider": "provider.aws"
                }
            },
            "depends_on": []
        }
    ]
}
